{
  "version": 4,
  "terraform_version": "1.15.6",
  "serial": 7,
  "lineage": "07db6ec1-be54-38fe-c183-755d0d1f0dd9",
  "outputs": {},
  "resources": [
    {
      "mode": "managed",
      "type": "github_repository",
      "name": "example",
      "provider": "provider[\"registry.terraform.io/integrations/github\"]",
      "instances": [
        {
          "schema_version": 1,
          "attributes": {
            "allow_auto_merge": false,
            "allow_merge_commit": true,
            "allow_rebase_merge": true,
            "allow_squash_merge": true,
            "allow_update_branch": false,
            "archive_on_destroy": null,
            "archived": false,
            "auto_init": true,
            "default_branch": "main",
            "delete_branch_on_merge": false,
            "description": "Terraform",
            "etag": "W/\"ec883e438a4fcca673650bc97c24dcfae0008bd7f34c18cd67ffeca511258e91\"",
            "full_name": "akadoya/terraform-example",
            "git_clone_url": "git://github.com/akadoya/terraform-example.git",
            "gitignore_template": null,
            "has_discussions": true,
            "has_downloads": false,
            "has_issues": true,
            "has_projects": false,
            "has_wiki": false,
            "homepage_url": "",
            "html_url": "https://github.com/akadoya/terraform-example",
            "http_clone_url": "https://github.com/akadoya/terraform-example.git",
            "id": "terraform-example",
            "ignore_vulnerability_alerts_during_read": null,
            "is_template": false,
            "license_template": null,
            "merge_commit_message": "PR_TITLE",
            "merge_commit_title": "MERGE_MESSAGE",
            "name": "terraform-example",
            "node_id": "R_kgDOS9ybgw",
            "pages": [],
            "primary_language": "",
            "private": true,
            "repo_id": 1272748931,
            "security_and_analysis": [],
            "squash_merge_commit_message": "COMMIT_MESSAGES",
            "squash_merge_commit_title": "COMMIT_OR_PR_TITLE",
            "ssh_clone_url": "git@github.com:akadoya/terraform-example.git",
            "svn_url": "https://github.com/akadoya/terraform-example",
            "template": [],
            "topics": [
              "infrastructure-as-code",
              "learning",
              "terraform"
            ],
            "visibility": "private",
            "vulnerability_alerts": false,
            "web_commit_signoff_required": false
          },
          "sensitive_attributes": [],
          "identity_schema_version": 0,
          "private": "eyJzY2hlbWFfdmVyc2lvbiI6IjEifQ=="
        }
      ]
    }
  ],
  "check_results": null
}
